{
    "version": 3,
    "terraform_version": "0.9.2",
    "serial": 48,
    "lineage": "7dd53244-57e7-47e5-867a-4aab6131c333",
    "modules": [
        {
            "path": [
                "root"
            ],
            "outputs": {
                "MASTER_IP": {
                    "sensitive": false,
                    "type": "string",
                    "value": "193.62.52.111"
                }
            },
            "resources": {
                "openstack_blockstorage_volume_v2.data_volume": {
                    "type": "openstack_blockstorage_volume_v2",
                    "depends_on": [],
                    "primary": {
                        "id": "6d95fc3e-88a6-4d58-92e7-2f1c12447428",
                        "attributes": {
                            "attachment.#": "0",
                            "availability_zone": "nova",
                            "description": "Volume storing data for the user_10 cluster",
                            "id": "6d95fc3e-88a6-4d58-92e7-2f1c12447428",
                            "metadata.%": "1",
                            "metadata.deployment_id": "user_10",
                            "name": "user_10-data",
                            "region": "regionOne",
                            "size": "10",
                            "snapshot_id": "",
                            "source_vol_id": "",
                            "volume_type": ""
                        },
                        "meta": {
                            "e2bfb730-ecaa-11e6-8f88-34363bc7c4c0": {
                                "create": 600000000000,
                                "delete": 600000000000
                            }
                        },
                        "tainted": false
                    },
                    "deposed": [],
                    "provider": ""
                },
                "openstack_blockstorage_volume_v2.homes_volume": {
                    "type": "openstack_blockstorage_volume_v2",
                    "depends_on": [],
                    "primary": {
                        "id": "3fbe870e-7cc1-4072-89cf-195982d1dd23",
                        "attributes": {
                            "attachment.#": "0",
                            "availability_zone": "nova",
                            "description": "Volume storing user homes for the user_10 cluster",
                            "id": "3fbe870e-7cc1-4072-89cf-195982d1dd23",
                            "metadata.%": "1",
                            "metadata.deployment_id": "user_10",
                            "name": "user_10-homes",
                            "region": "regionOne",
                            "size": "10",
                            "snapshot_id": "",
                            "source_vol_id": "",
                            "volume_type": ""
                        },
                        "meta": {
                            "e2bfb730-ecaa-11e6-8f88-34363bc7c4c0": {
                                "create": 600000000000,
                                "delete": 600000000000
                            }
                        },
                        "tainted": false
                    },
                    "deposed": [],
                    "provider": ""
                },
                "openstack_compute_floatingip_associate_v2.openlava_master_float_attach": {
                    "type": "openstack_compute_floatingip_associate_v2",
                    "depends_on": [
                        "openstack_compute_instance_v2.openlava_master",
                        "openstack_compute_instance_v2.openlava_master",
                        "openstack_networking_floatingip_v2.openlava_floatip"
                    ],
                    "primary": {
                        "id": "193.62.52.111/308ef6bd-9a19-4a3c-9cdc-72c1e7b16ac9/10.22.100.7",
                        "attributes": {
                            "fixed_ip": "10.22.100.7",
                            "floating_ip": "193.62.52.111",
                            "id": "193.62.52.111/308ef6bd-9a19-4a3c-9cdc-72c1e7b16ac9/10.22.100.7",
                            "instance_id": "308ef6bd-9a19-4a3c-9cdc-72c1e7b16ac9",
                            "region": "regionOne"
                        },
                        "meta": {},
                        "tainted": false
                    },
                    "deposed": [],
                    "provider": ""
                },
                "openstack_compute_instance_v2.openlava_master": {
                    "type": "openstack_compute_instance_v2",
                    "depends_on": [
                        "openstack_compute_keypair_v2.ssh_keypair",
                        "openstack_compute_secgroup_v2.openlava_HTTP",
                        "openstack_compute_secgroup_v2.openlava_NTP",
                        "openstack_compute_secgroup_v2.openlava_basic_sec",
                        "openstack_compute_secgroup_v2.openlava_cluster",
                        "openstack_compute_secgroup_v2.openlava_ganglia_server",
                        "openstack_networking_network_v2.openlava_network"
                    ],
                    "primary": {
                        "id": "308ef6bd-9a19-4a3c-9cdc-72c1e7b16ac9",
                        "attributes": {
                            "access_ip_v4": "10.22.100.7",
                            "access_ip_v6": "",
                            "all_metadata.%": "1",
                            "all_metadata.deployment_id": "user_10",
                            "availability_zone": "nova",
                            "flavor_id": "e9ca7478-7957-4237-b3d0-d4767e1de65f",
                            "flavor_name": "s1.tiny",
                            "force_delete": "false",
                            "id": "308ef6bd-9a19-4a3c-9cdc-72c1e7b16ac9",
                            "image_id": "9c380406-068c-4eb9-9689-089ac2d49402",
                            "image_name": "openlava_master_20170524",
                            "key_pair": "user_10_keypair",
                            "metadata.%": "1",
                            "metadata.deployment_id": "user_10",
                            "name": "user_10_master",
                            "network.#": "1",
                            "network.0.access_network": "false",
                            "network.0.fixed_ip_v4": "10.22.100.7",
                            "network.0.fixed_ip_v6": "",
                            "network.0.floating_ip": "",
                            "network.0.mac": "fa:16:3e:c5:e0:af",
                            "network.0.name": "user_10_network",
                            "network.0.port": "",
                            "network.0.uuid": "4c90aefe-1bbc-403a-8adc-35e1ebd9b517",
                            "region": "regionOne",
                            "security_groups.#": "5",
                            "security_groups.1060949166": "user_10_ganglia_server",
                            "security_groups.1597350044": "user_10_basic_sec",
                            "security_groups.3863060618": "user_10_NTP",
                            "security_groups.4125429567": "user_10_HTTP",
                            "security_groups.423809230": "user_10_cluster",
                            "stop_before_destroy": "false",
                            "volume.#": "0"
                        },
                        "meta": {
                            "e2bfb730-ecaa-11e6-8f88-34363bc7c4c0": {
                                "create": 1800000000000,
                                "delete": 1800000000000,
                                "update": 1800000000000
                            }
                        },
                        "tainted": false
                    },
                    "deposed": [],
                    "provider": ""
                },
                "openstack_compute_instance_v2.openlava_nfs": {
                    "type": "openstack_compute_instance_v2",
                    "depends_on": [
                        "openstack_compute_keypair_v2.ssh_keypair",
                        "openstack_compute_secgroup_v2.openlava_NFSv4",
                        "openstack_compute_secgroup_v2.openlava_basic_sec",
                        "openstack_compute_secgroup_v2.openlava_ganglia_client",
                        "openstack_networking_network_v2.openlava_network"
                    ],
                    "primary": {
                        "id": "64c39374-e646-4da8-9493-d987378f0ecd",
                        "attributes": {
                            "access_ip_v4": "10.22.100.6",
                            "access_ip_v6": "",
                            "all_metadata.%": "1",
                            "all_metadata.deployment_id": "user_10",
                            "availability_zone": "nova",
                            "flavor_id": "e9ca7478-7957-4237-b3d0-d4767e1de65f",
                            "flavor_name": "s1.tiny",
                            "force_delete": "false",
                            "id": "64c39374-e646-4da8-9493-d987378f0ecd",
                            "image_id": "8207bafe-01f9-4cf0-a028-3f4fcc8fa783",
                            "image_name": "openlava_nfs_20170524",
                            "key_pair": "user_10_keypair",
                            "metadata.%": "1",
                            "metadata.deployment_id": "user_10",
                            "name": "user_10_nfs",
                            "network.#": "1",
                            "network.0.access_network": "false",
                            "network.0.fixed_ip_v4": "10.22.100.6",
                            "network.0.fixed_ip_v6": "",
                            "network.0.floating_ip": "",
                            "network.0.mac": "fa:16:3e:0c:90:09",
                            "network.0.name": "user_10_network",
                            "network.0.port": "",
                            "network.0.uuid": "4c90aefe-1bbc-403a-8adc-35e1ebd9b517",
                            "region": "regionOne",
                            "security_groups.#": "3",
                            "security_groups.1597350044": "user_10_basic_sec",
                            "security_groups.2719292685": "user_10_ganglia_client",
                            "security_groups.4142148639": "user_10_NFSv4",
                            "stop_before_destroy": "false",
                            "volume.#": "0"
                        },
                        "meta": {
                            "e2bfb730-ecaa-11e6-8f88-34363bc7c4c0": {
                                "create": 1800000000000,
                                "delete": 1800000000000,
                                "update": 1800000000000
                            }
                        },
                        "tainted": false
                    },
                    "deposed": [],
                    "provider": ""
                },
                "openstack_compute_instance_v2.openlava_nodes": {
                    "type": "openstack_compute_instance_v2",
                    "depends_on": [
                        "openstack_compute_keypair_v2.ssh_keypair",
                        "openstack_compute_secgroup_v2.openlava_basic_sec",
                        "openstack_compute_secgroup_v2.openlava_cluster",
                        "openstack_compute_secgroup_v2.openlava_ganglia_client",
                        "openstack_networking_network_v2.openlava_network"
                    ],
                    "primary": {
                        "id": "b3ce819c-9053-4b13-9695-a84d2ea94ba6",
                        "attributes": {
                            "access_ip_v4": "10.22.100.5",
                            "access_ip_v6": "",
                            "all_metadata.%": "1",
                            "all_metadata.deployment_id": "user_10",
                            "availability_zone": "nova",
                            "flavor_id": "e9ca7478-7957-4237-b3d0-d4767e1de65f",
                            "flavor_name": "s1.tiny",
                            "force_delete": "false",
                            "id": "b3ce819c-9053-4b13-9695-a84d2ea94ba6",
                            "image_id": "f4c6ac78-8960-4bbf-8215-d9329c992dd5",
                            "image_name": "openlava_node_20170524",
                            "key_pair": "user_10_keypair",
                            "metadata.%": "1",
                            "metadata.deployment_id": "user_10",
                            "name": "user_10_node_1",
                            "network.#": "1",
                            "network.0.access_network": "false",
                            "network.0.fixed_ip_v4": "10.22.100.5",
                            "network.0.fixed_ip_v6": "",
                            "network.0.floating_ip": "",
                            "network.0.mac": "fa:16:3e:91:1d:a7",
                            "network.0.name": "user_10_network",
                            "network.0.port": "",
                            "network.0.uuid": "4c90aefe-1bbc-403a-8adc-35e1ebd9b517",
                            "region": "regionOne",
                            "security_groups.#": "3",
                            "security_groups.1597350044": "user_10_basic_sec",
                            "security_groups.2719292685": "user_10_ganglia_client",
                            "security_groups.423809230": "user_10_cluster",
                            "stop_before_destroy": "false",
                            "volume.#": "0"
                        },
                        "meta": {
                            "e2bfb730-ecaa-11e6-8f88-34363bc7c4c0": {
                                "create": 1800000000000,
                                "delete": 1800000000000,
                                "update": 1800000000000
                            }
                        },
                        "tainted": false
                    },
                    "deposed": [],
                    "provider": ""
                },
                "openstack_compute_keypair_v2.ssh_keypair": {
                    "type": "openstack_compute_keypair_v2",
                    "depends_on": [],
                    "primary": {
                        "id": "user_10_keypair",
                        "attributes": {
                            "id": "user_10_keypair",
                            "name": "user_10_keypair",
                            "public_key": "ssh-rsa AAAAB3NzaC1yc2EAAAADAQABAAACAQCxO3rnpwKxYB1wKB1Y2a8XYlKvjS7VD4cNcXqlfcyTZawZVkwFYkCEGnJ+SFMwb1sDRToGK6gWDlc/ow3cQIBauJwa74UHJ3XA54o6gIokFkTwpzyeOOavlNRK/Bw65onCYwzJq/mUZ3QfbZcztUEZrIjY85hSWOnbYOS/cN3uh1RXj9eEIAdtiiPbfKhuI6A6Hg0mO0bhKHafKpOz6YaeGdhFqTVzHjl8ZYJnvl7TMtfUdlMOxxC4xUXZtGS1q2tn8v/Iko5gblvCSr9QgVEqi81WKhcAiWyb3LhWZX2OA9DcoYjcl47HRK0hDsG43ilHclUdXpaOfhkF98bSAiiN/TU5Uia5aqY523kk5hV1udj7nBWEk60JVbr4UDck95Dg/wTrNiXiIAXVrtRU0W1bS7+4Q1bZKa29Fd+upp0M9RuHFP7pslO8qlJpHs+XcDoFxtbDuYjJVCSDrQQp/NQ/dQvWNT+pfakrOLe8WqAobkl+3wujwbF4U8SPWhqMAKAunld+KybUrdLT8djjE5a1L4X1a2LrURzaz9Soxfj30ThnrdHBe47dsDt1f6rRC4bF/vjlSK7cUSDkH6jy93jz3J8yqJeLSyGpFj/MNj+zUlpNft6c6u7y6Nu5at2MUJhrvnrZnJDPOym93IOHn5za3dPScuJYOKmsFwLYbRhSmQ== user10@embassy.co.uk\n",
                            "region": "regionOne"
                        },
                        "meta": {},
                        "tainted": false
                    },
                    "deposed": [],
                    "provider": ""
                },
                "openstack_compute_secgroup_v2.openlava_HTTP": {
                    "type": "openstack_compute_secgroup_v2",
                    "depends_on": [],
                    "primary": {
                        "id": "6aea1580-757d-4bba-96c4-f5152895066c",
                        "attributes": {
                            "description": "Allows HTTP from outside to access Ganglia",
                            "id": "6aea1580-757d-4bba-96c4-f5152895066c",
                            "name": "user_10_HTTP",
                            "region": "regionOne",
                            "rule.#": "1",
                            "rule.3719211069.cidr": "0.0.0.0/0",
                            "rule.3719211069.from_group_id": "",
                            "rule.3719211069.from_port": "80",
                            "rule.3719211069.id": "836844d9-3a7b-4e6f-96cb-01a7351d69d8",
                            "rule.3719211069.ip_protocol": "tcp",
                            "rule.3719211069.self": "false",
                            "rule.3719211069.to_port": "80"
                        },
                        "meta": {
                            "e2bfb730-ecaa-11e6-8f88-34363bc7c4c0": {
                                "delete": 600000000000
                            }
                        },
                        "tainted": false
                    },
                    "deposed": [],
                    "provider": ""
                },
                "openstack_compute_secgroup_v2.openlava_NFSv4": {
                    "type": "openstack_compute_secgroup_v2",
                    "depends_on": [],
                    "primary": {
                        "id": "0b2f9cb7-af47-4daa-8534-8344057b7f52",
                        "attributes": {
                            "description": "Allows NFSv4",
                            "id": "0b2f9cb7-af47-4daa-8534-8344057b7f52",
                            "name": "user_10_NFSv4",
                            "region": "regionOne",
                            "rule.#": "1",
                            "rule.385169928.cidr": "10.22.100.0/24",
                            "rule.385169928.from_group_id": "",
                            "rule.385169928.from_port": "2049",
                            "rule.385169928.id": "4d388113-39a1-4cee-b5d7-481f7ce54677",
                            "rule.385169928.ip_protocol": "tcp",
                            "rule.385169928.self": "false",
                            "rule.385169928.to_port": "2049"
                        },
                        "meta": {
                            "e2bfb730-ecaa-11e6-8f88-34363bc7c4c0": {
                                "delete": 600000000000
                            }
                        },
                        "tainted": false
                    },
                    "deposed": [],
                    "provider": ""
                },
                "openstack_compute_secgroup_v2.openlava_NTP": {
                    "type": "openstack_compute_secgroup_v2",
                    "depends_on": [],
                    "primary": {
                        "id": "fc662e8f-8b79-4f0d-89f0-a6a79e750098",
                        "attributes": {
                            "description": "Allows NTP traffic",
                            "id": "fc662e8f-8b79-4f0d-89f0-a6a79e750098",
                            "name": "user_10_NTP",
                            "region": "regionOne",
                            "rule.#": "1",
                            "rule.3226877864.cidr": "10.22.100.0/24",
                            "rule.3226877864.from_group_id": "",
                            "rule.3226877864.from_port": "123",
                            "rule.3226877864.id": "354944e6-8a43-4695-8a3f-d5e385e31763",
                            "rule.3226877864.ip_protocol": "tcp",
                            "rule.3226877864.self": "false",
                            "rule.3226877864.to_port": "123"
                        },
                        "meta": {
                            "e2bfb730-ecaa-11e6-8f88-34363bc7c4c0": {
                                "delete": 600000000000
                            }
                        },
                        "tainted": false
                    },
                    "deposed": [],
                    "provider": ""
                },
                "openstack_compute_secgroup_v2.openlava_basic_sec": {
                    "type": "openstack_compute_secgroup_v2",
                    "depends_on": [],
                    "primary": {
                        "id": "560f575a-64ef-49e0-b507-8499f6a9cbd3",
                        "attributes": {
                            "description": "Allows SSH \u0026 ICMP",
                            "id": "560f575a-64ef-49e0-b507-8499f6a9cbd3",
                            "name": "user_10_basic_sec",
                            "region": "regionOne",
                            "rule.#": "2",
                            "rule.2180185248.cidr": "0.0.0.0/0",
                            "rule.2180185248.from_group_id": "",
                            "rule.2180185248.from_port": "-1",
                            "rule.2180185248.id": "7b79c284-8510-40d9-bfdf-68fa4b061233",
                            "rule.2180185248.ip_protocol": "icmp",
                            "rule.2180185248.self": "false",
                            "rule.2180185248.to_port": "-1",
                            "rule.836640770.cidr": "0.0.0.0/0",
                            "rule.836640770.from_group_id": "",
                            "rule.836640770.from_port": "22",
                            "rule.836640770.id": "eab858d0-5fcf-4174-aa82-383352af101b",
                            "rule.836640770.ip_protocol": "tcp",
                            "rule.836640770.self": "false",
                            "rule.836640770.to_port": "22"
                        },
                        "meta": {
                            "e2bfb730-ecaa-11e6-8f88-34363bc7c4c0": {
                                "delete": 600000000000
                            }
                        },
                        "tainted": false
                    },
                    "deposed": [],
                    "provider": ""
                },
                "openstack_compute_secgroup_v2.openlava_cluster": {
                    "type": "openstack_compute_secgroup_v2",
                    "depends_on": [],
                    "primary": {
                        "id": "7a2d66d3-760d-4053-80ca-801534c0eb68",
                        "attributes": {
                            "description": "Allows OpenLava ports",
                            "id": "7a2d66d3-760d-4053-80ca-801534c0eb68",
                            "name": "user_10_cluster",
                            "region": "regionOne",
                            "rule.#": "2",
                            "rule.2424495526.cidr": "",
                            "rule.2424495526.from_group_id": "",
                            "rule.2424495526.from_port": "1024",
                            "rule.2424495526.id": "a6cf0374-b046-44d4-aa79-3af4291053ca",
                            "rule.2424495526.ip_protocol": "tcp",
                            "rule.2424495526.self": "true",
                            "rule.2424495526.to_port": "65535",
                            "rule.4084340380.cidr": "",
                            "rule.4084340380.from_group_id": "",
                            "rule.4084340380.from_port": "6322",
                            "rule.4084340380.id": "d19735fa-efe7-4331-8d86-40236c6c5407",
                            "rule.4084340380.ip_protocol": "udp",
                            "rule.4084340380.self": "true",
                            "rule.4084340380.to_port": "6322"
                        },
                        "meta": {
                            "e2bfb730-ecaa-11e6-8f88-34363bc7c4c0": {
                                "delete": 600000000000
                            }
                        },
                        "tainted": false
                    },
                    "deposed": [],
                    "provider": ""
                },
                "openstack_compute_secgroup_v2.openlava_ganglia_client": {
                    "type": "openstack_compute_secgroup_v2",
                    "depends_on": [],
                    "primary": {
                        "id": "24447e99-de45-4b84-b82a-07b8269912b7",
                        "attributes": {
                            "description": "Allows traffic to the Ganglia client",
                            "id": "24447e99-de45-4b84-b82a-07b8269912b7",
                            "name": "user_10_ganglia_client",
                            "region": "regionOne",
                            "rule.#": "1",
                            "rule.2448283931.cidr": "10.22.100.0/24",
                            "rule.2448283931.from_group_id": "",
                            "rule.2448283931.from_port": "8649",
                            "rule.2448283931.id": "75d605d6-e583-491d-bb08-db00c51c105a",
                            "rule.2448283931.ip_protocol": "udp",
                            "rule.2448283931.self": "false",
                            "rule.2448283931.to_port": "8649"
                        },
                        "meta": {
                            "e2bfb730-ecaa-11e6-8f88-34363bc7c4c0": {
                                "delete": 600000000000
                            }
                        },
                        "tainted": false
                    },
                    "deposed": [],
                    "provider": ""
                },
                "openstack_compute_secgroup_v2.openlava_ganglia_server": {
                    "type": "openstack_compute_secgroup_v2",
                    "depends_on": [],
                    "primary": {
                        "id": "580877ca-46ab-402a-b889-7a88ae3ff621",
                        "attributes": {
                            "description": "Allows traffic to the Ganglia Server",
                            "id": "580877ca-46ab-402a-b889-7a88ae3ff621",
                            "name": "user_10_ganglia_server",
                            "region": "regionOne",
                            "rule.#": "2",
                            "rule.2448283931.cidr": "10.22.100.0/24",
                            "rule.2448283931.from_group_id": "",
                            "rule.2448283931.from_port": "8649",
                            "rule.2448283931.id": "87eccb06-764f-4a27-a5ae-9cc7dc228692",
                            "rule.2448283931.ip_protocol": "udp",
                            "rule.2448283931.self": "false",
                            "rule.2448283931.to_port": "8649",
                            "rule.3097527076.cidr": "10.22.100.0/24",
                            "rule.3097527076.from_group_id": "",
                            "rule.3097527076.from_port": "8649",
                            "rule.3097527076.id": "c96fcc5c-bf99-4729-9e89-2c1132398743",
                            "rule.3097527076.ip_protocol": "tcp",
                            "rule.3097527076.self": "false",
                            "rule.3097527076.to_port": "8649"
                        },
                        "meta": {
                            "e2bfb730-ecaa-11e6-8f88-34363bc7c4c0": {
                                "delete": 600000000000
                            }
                        },
                        "tainted": false
                    },
                    "deposed": [],
                    "provider": ""
                },
                "openstack_compute_volume_attach_v2.data_attach": {
                    "type": "openstack_compute_volume_attach_v2",
                    "depends_on": [
                        "openstack_blockstorage_volume_v2.data_volume",
                        "openstack_compute_instance_v2.openlava_nfs"
                    ],
                    "primary": {
                        "id": "64c39374-e646-4da8-9493-d987378f0ecd/6d95fc3e-88a6-4d58-92e7-2f1c12447428",
                        "attributes": {
                            "device": "/dev/vdc",
                            "id": "64c39374-e646-4da8-9493-d987378f0ecd/6d95fc3e-88a6-4d58-92e7-2f1c12447428",
                            "instance_id": "64c39374-e646-4da8-9493-d987378f0ecd",
                            "region": "regionOne",
                            "volume_id": "6d95fc3e-88a6-4d58-92e7-2f1c12447428"
                        },
                        "meta": {
                            "e2bfb730-ecaa-11e6-8f88-34363bc7c4c0": {
                                "create": 600000000000,
                                "delete": 600000000000
                            }
                        },
                        "tainted": false
                    },
                    "deposed": [],
                    "provider": ""
                },
                "openstack_compute_volume_attach_v2.homes_attach": {
                    "type": "openstack_compute_volume_attach_v2",
                    "depends_on": [
                        "openstack_blockstorage_volume_v2.homes_volume",
                        "openstack_compute_instance_v2.openlava_nfs"
                    ],
                    "primary": {
                        "id": "64c39374-e646-4da8-9493-d987378f0ecd/3fbe870e-7cc1-4072-89cf-195982d1dd23",
                        "attributes": {
                            "device": "/dev/vdb",
                            "id": "64c39374-e646-4da8-9493-d987378f0ecd/3fbe870e-7cc1-4072-89cf-195982d1dd23",
                            "instance_id": "64c39374-e646-4da8-9493-d987378f0ecd",
                            "region": "regionOne",
                            "volume_id": "3fbe870e-7cc1-4072-89cf-195982d1dd23"
                        },
                        "meta": {
                            "e2bfb730-ecaa-11e6-8f88-34363bc7c4c0": {
                                "create": 600000000000,
                                "delete": 600000000000
                            }
                        },
                        "tainted": false
                    },
                    "deposed": [],
                    "provider": ""
                },
                "openstack_networking_floatingip_v2.openlava_floatip": {
                    "type": "openstack_networking_floatingip_v2",
                    "depends_on": [],
                    "primary": {
                        "id": "db6ef785-1128-4674-89ac-b4e0b63e9542",
                        "attributes": {
                            "address": "193.62.52.111",
                            "fixed_ip": "",
                            "id": "db6ef785-1128-4674-89ac-b4e0b63e9542",
                            "pool": "ext-net",
                            "port_id": "",
                            "region": "regionOne",
                            "tenant_id": "78ef6f06315e40e4ab2f118d28844469"
                        },
                        "meta": {
                            "e2bfb730-ecaa-11e6-8f88-34363bc7c4c0": {
                                "create": 600000000000,
                                "delete": 600000000000
                            }
                        },
                        "tainted": false
                    },
                    "deposed": [],
                    "provider": ""
                },
                "openstack_networking_network_v2.openlava_network": {
                    "type": "openstack_networking_network_v2",
                    "depends_on": [],
                    "primary": {
                        "id": "4c90aefe-1bbc-403a-8adc-35e1ebd9b517",
                        "attributes": {
                            "admin_state_up": "true",
                            "id": "4c90aefe-1bbc-403a-8adc-35e1ebd9b517",
                            "name": "user_10_network",
                            "region": "regionOne",
                            "shared": "false",
                            "tenant_id": "78ef6f06315e40e4ab2f118d28844469"
                        },
                        "meta": {
                            "e2bfb730-ecaa-11e6-8f88-34363bc7c4c0": {
                                "create": 600000000000,
                                "delete": 600000000000
                            }
                        },
                        "tainted": false
                    },
                    "deposed": [],
                    "provider": ""
                },
                "openstack_networking_router_interface_v2.router_interface_1": {
                    "type": "openstack_networking_router_interface_v2",
                    "depends_on": [
                        "openstack_networking_router_v2.openlava_router",
                        "openstack_networking_subnet_v2.openlava_subnet"
                    ],
                    "primary": {
                        "id": "44b31a83-1cc0-4195-a0a6-d7f79aa0c3cf",
                        "attributes": {
                            "id": "44b31a83-1cc0-4195-a0a6-d7f79aa0c3cf",
                            "router_id": "06a8fe6f-466b-4a8c-9880-f8b7ea40aac4",
                            "subnet_id": "9d84be3a-296f-4fe6-8dbd-931a237da969"
                        },
                        "meta": {
                            "e2bfb730-ecaa-11e6-8f88-34363bc7c4c0": {
                                "create": 600000000000,
                                "delete": 600000000000
                            }
                        },
                        "tainted": false
                    },
                    "deposed": [],
                    "provider": ""
                },
                "openstack_networking_router_v2.openlava_router": {
                    "type": "openstack_networking_router_v2",
                    "depends_on": [],
                    "primary": {
                        "id": "06a8fe6f-466b-4a8c-9880-f8b7ea40aac4",
                        "attributes": {
                            "admin_state_up": "true",
                            "distributed": "false",
                            "external_gateway": "2d771d9c-f279-498f-8b8a-f5c6d83da6e8",
                            "id": "06a8fe6f-466b-4a8c-9880-f8b7ea40aac4",
                            "name": "user_10_router",
                            "tenant_id": "78ef6f06315e40e4ab2f118d28844469"
                        },
                        "meta": {
                            "e2bfb730-ecaa-11e6-8f88-34363bc7c4c0": {
                                "create": 600000000000,
                                "delete": 600000000000
                            }
                        },
                        "tainted": false
                    },
                    "deposed": [],
                    "provider": ""
                },
                "openstack_networking_subnet_v2.openlava_subnet": {
                    "type": "openstack_networking_subnet_v2",
                    "depends_on": [
                        "openstack_networking_network_v2.openlava_network"
                    ],
                    "primary": {
                        "id": "9d84be3a-296f-4fe6-8dbd-931a237da969",
                        "attributes": {
                            "allocation_pools.#": "1",
                            "allocation_pools.0.end": "10.22.100.254",
                            "allocation_pools.0.start": "10.22.100.2",
                            "cidr": "10.22.100.0/24",
                            "dns_nameservers.#": "2",
                            "dns_nameservers.3811298194": "8.8.4.4",
                            "dns_nameservers.3817307869": "8.8.8.8",
                            "enable_dhcp": "true",
                            "gateway_ip": "10.22.100.1",
                            "host_routes.#": "0",
                            "id": "9d84be3a-296f-4fe6-8dbd-931a237da969",
                            "ip_version": "4",
                            "name": "user_10_subnetwork",
                            "network_id": "4c90aefe-1bbc-403a-8adc-35e1ebd9b517",
                            "region": "regionOne",
                            "tenant_id": "78ef6f06315e40e4ab2f118d28844469"
                        },
                        "meta": {
                            "e2bfb730-ecaa-11e6-8f88-34363bc7c4c0": {
                                "create": 600000000000,
                                "delete": 600000000000
                            }
                        },
                        "tainted": false
                    },
                    "deposed": [],
                    "provider": ""
                }
            },
            "depends_on": []
        }
    ]
}
